
Microsoft Visual Studio Solution File, Format Version 12.00
# Visual Studio 15
VisualStudioVersion = 15.0.27703.2047
MinimumVisualStudioVersion = 10.0.40219.1
Project("{FAE04EC0-301F-11D3-BF4B-00C04F79EFBC}") = "Impacta.Identity.Terminal", "Impacta.Identity.Teerminal\Impacta.Identity.Terminal.csproj", "{15824726-B263-4D44-8187-C8237909A907}"
EndProject
Project("{FAE04EC0-301F-11D3-BF4B-00C04F79EFBC}") = "Impacta.Autenticacao.MVC", "Impacta.Autenticacao.MVC\Impacta.Autenticacao.MVC.csproj", "{D012E239-FBD5-4244-966F-DC422DF3BEF4}"
EndProject
Global
	GlobalSection(SolutionConfigurationPlatforms) = preSolution
		Debug|Any CPU = Debug|Any CPU
		Release|Any CPU = Release|Any CPU
	EndGlobalSection
	GlobalSection(ProjectConfigurationPlatforms) = postSolution
		{15824726-B263-4D44-8187-C8237909A907}.Debug|Any CPU.ActiveCfg = Debug|Any CPU
		{15824726-B263-4D44-8187-C8237909A907}.Debug|Any CPU.Build.0 = Debug|Any CPU
		{15824726-B263-4D44-8187-C8237909A907}.Release|Any CPU.ActiveCfg = Release|Any CPU
		{15824726-B263-4D44-8187-C8237909A907}.Release|Any CPU.Build.0 = Release|Any CPU
		{D012E239-FBD5-4244-966F-DC422DF3BEF4}.Debug|Any CPU.ActiveCfg = Debug|Any CPU
		{D012E239-FBD5-4244-966F-DC422DF3BEF4}.Debug|Any CPU.Build.0 = Debug|Any CPU
		{D012E239-FBD5-4244-966F-DC422DF3BEF4}.Release|Any CPU.ActiveCfg = Release|Any CPU
		{D012E239-FBD5-4244-966F-DC422DF3BEF4}.Release|Any CPU.Build.0 = Release|Any CPU
	EndGlobalSection
	GlobalSection(SolutionProperties) = preSolution
		HideSolutionNode = FALSE
	EndGlobalSection
	GlobalSection(ExtensibilityGlobals) = postSolution
		SolutionGuid = {EC2B0798-B6C5-41BB-BA93-6649024D5FEC}
	EndGlobalSection
EndGlobal
